
Microsoft Visual Studio Solution File, Format Version 12.00
# Visual Studio Version 17
VisualStudioVersion = 17.5.002.0
MinimumVisualStudioVersion = 10.0.40219.1
Project("{9A19103F-16F7-4668-BE54-9A1E7A4F7556}") = "UriQueryHelper", "UriQueryHelper\UriQueryHelper.csproj", "{B1285644-8897-41E5-919E-F098239378CE}"
EndProject
Project("{9A19103F-16F7-4668-BE54-9A1E7A4F7556}") = "UriQueryHelperTests", "UriQueryHelperTests\UriQueryHelperTests.csproj", "{6BA33471-A7A4-4093-819A-B03EEC61F4AB}"
EndProject
Global
	GlobalSection(SolutionConfigurationPlatforms) = preSolution
		Debug|Any CPU = Debug|Any CPU
		Release|Any CPU = Release|Any CPU
	EndGlobalSection
	GlobalSection(ProjectConfigurationPlatforms) = postSolution
		{B1285644-8897-41E5-919E-F098239378CE}.Debug|Any CPU.ActiveCfg = Debug|Any CPU
		{B1285644-8897-41E5-919E-F098239378CE}.Debug|Any CPU.Build.0 = Debug|Any CPU
		{B1285644-8897-41E5-919E-F098239378CE}.Release|Any CPU.ActiveCfg = Release|Any CPU
		{B1285644-8897-41E5-919E-F098239378CE}.Release|Any CPU.Build.0 = Release|Any CPU
		{6BA33471-A7A4-4093-819A-B03EEC61F4AB}.Debug|Any CPU.ActiveCfg = Debug|Any CPU
		{6BA33471-A7A4-4093-819A-B03EEC61F4AB}.Debug|Any CPU.Build.0 = Debug|Any CPU
		{6BA33471-A7A4-4093-819A-B03EEC61F4AB}.Release|Any CPU.ActiveCfg = Release|Any CPU
		{6BA33471-A7A4-4093-819A-B03EEC61F4AB}.Release|Any CPU.Build.0 = Release|Any CPU
	EndGlobalSection
	GlobalSection(SolutionProperties) = preSolution
		HideSolutionNode = FALSE
	EndGlobalSection
	GlobalSection(ExtensibilityGlobals) = postSolution
		SolutionGuid = {F3E3C50B-AE3F-4735-8C24-32BD265926EF}
	EndGlobalSection
EndGlobal
